
Microsoft Visual Studio Solution File, Format Version 12.00
# Visual Studio Version 17
VisualStudioVersion = 17.0.31903.59
MinimumVisualStudioVersion = 10.0.40219.1
Project("{FAE04EC0-301F-11D3-BF4B-00C04F79EFBC}") = "LibraryGenerator", "LibraryGenerator\LibraryGenerator.csproj", "{08A48B5A-CA84-4EF8-A99F-61C9AA93F641}"
EndProject
Project("{FAE04EC0-301F-11D3-BF4B-00C04F79EFBC}") = "Valve.Sockets", "Valve.Sockets\Valve.Sockets.csproj", "{1F4E640A-606E-4FBC-BCCB-5F5FEA431CE4}"
EndProject
Global
	GlobalSection(SolutionConfigurationPlatforms) = preSolution
		Debug|Any CPU = Debug|Any CPU
		Release|Any CPU = Release|Any CPU
	EndGlobalSection
	GlobalSection(SolutionProperties) = preSolution
		HideSolutionNode = FALSE
	EndGlobalSection
	GlobalSection(ProjectConfigurationPlatforms) = postSolution
		{08A48B5A-CA84-4EF8-A99F-61C9AA93F641}.Debug|Any CPU.ActiveCfg = Debug|Any CPU
		{08A48B5A-CA84-4EF8-A99F-61C9AA93F641}.Debug|Any CPU.Build.0 = Debug|Any CPU
		{08A48B5A-CA84-4EF8-A99F-61C9AA93F641}.Release|Any CPU.ActiveCfg = Release|Any CPU
		{08A48B5A-CA84-4EF8-A99F-61C9AA93F641}.Release|Any CPU.Build.0 = Release|Any CPU
		{1F4E640A-606E-4FBC-BCCB-5F5FEA431CE4}.Debug|Any CPU.ActiveCfg = Debug|Any CPU
		{1F4E640A-606E-4FBC-BCCB-5F5FEA431CE4}.Debug|Any CPU.Build.0 = Debug|Any CPU
		{1F4E640A-606E-4FBC-BCCB-5F5FEA431CE4}.Release|Any CPU.ActiveCfg = Release|Any CPU
		{1F4E640A-606E-4FBC-BCCB-5F5FEA431CE4}.Release|Any CPU.Build.0 = Release|Any CPU
	EndGlobalSection
EndGlobal
